// !$*UTF8*$!
{
	archiveVersion = 1;
	classes = {
	};
	objectVersion = 55;
	objects = {

/* Begin PBXBuildFile section */
		4F04CF04286C98B000E1016A /* Double.swift in Sources */ = {isa = PBXBuildFile; fileRef = 4F04CF03286C98B000E1016A /* Double.swift */; };
		4F084DA228705AAF00FE40D5 /* LocalFileManager.swift in Sources */ = {isa = PBXBuildFile; fileRef = 4F084DA128705AAF00FE40D5 /* LocalFileManager.swift */; };
		4F1BE3AB286CCA14000F7307 /* HomeViewModel.swift in Sources */ = {isa = PBXBuildFile; fileRef = 4F1BE3AA286CCA14000F7307 /* HomeViewModel.swift */; };
		4F1BE3AF286CDF33000F7307 /* CoinDataService.swift in Sources */ = {isa = PBXBuildFile; fileRef = 4F1BE3AE286CDF33000F7307 /* CoinDataService.swift */; };
		4F3407E2286DD59600D00EAA /* NetworkingManager.swift in Sources */ = {isa = PBXBuildFile; fileRef = 4F3407E1286DD59600D00EAA /* NetworkingManager.swift */; };
		4F3407E5286DF0AE00D00EAA /* CoinImageView.swift in Sources */ = {isa = PBXBuildFile; fileRef = 4F3407E4286DF0AE00D00EAA /* CoinImageView.swift */; };
		4F3407E7286DF2BA00D00EAA /* CoinImageService.swift in Sources */ = {isa = PBXBuildFile; fileRef = 4F3407E6286DF2BA00D00EAA /* CoinImageService.swift */; };
		4F3407E9286DF54100D00EAA /* CoinImageViewModel.swift in Sources */ = {isa = PBXBuildFile; fileRef = 4F3407E8286DF54100D00EAA /* CoinImageViewModel.swift */; };
		4F34D188287175F000EBF686 /* SearchBarView.swift in Sources */ = {isa = PBXBuildFile; fileRef = 4F34D187287175F000EBF686 /* SearchBarView.swift */; };
		4F34D18A28717BA300EBF686 /* UIApplication.swift in Sources */ = {isa = PBXBuildFile; fileRef = 4F34D18928717BA300EBF686 /* UIApplication.swift */; };
		4F34D18C2871842C00EBF686 /* StatisticModel.swift in Sources */ = {isa = PBXBuildFile; fileRef = 4F34D18B2871842C00EBF686 /* StatisticModel.swift */; };
		4F34D18E2871865200EBF686 /* StatisticView.swift in Sources */ = {isa = PBXBuildFile; fileRef = 4F34D18D2871865200EBF686 /* StatisticView.swift */; };
		4F34D19028718B2000EBF686 /* HomeStatsView.swift in Sources */ = {isa = PBXBuildFile; fileRef = 4F34D18F28718B2000EBF686 /* HomeStatsView.swift */; };
		4F79D5D628729DB0007ACC29 /* PortfolioView.swift in Sources */ = {isa = PBXBuildFile; fileRef = 4F79D5D528729DB0007ACC29 /* PortfolioView.swift */; };
		4F79D5DA2872A73E007ACC29 /* CoinLogoView.swift in Sources */ = {isa = PBXBuildFile; fileRef = 4F79D5D92872A73E007ACC29 /* CoinLogoView.swift */; };
		4F9381952872C74800BDD280 /* PortfolioContainer.xcdatamodeld in Sources */ = {isa = PBXBuildFile; fileRef = 4F9381932872C74700BDD280 /* PortfolioContainer.xcdatamodeld */; };
		4F9381972872C7F200BDD280 /* PortfolioDataService.swift in Sources */ = {isa = PBXBuildFile; fileRef = 4F9381962872C7F200BDD280 /* PortfolioDataService.swift */; };
		4F95B0A4286C8919005A85D3 /* CoinModel.swift in Sources */ = {isa = PBXBuildFile; fileRef = 4F95B0A3286C8919005A85D3 /* CoinModel.swift */; };
		4F95B0A6286C922F005A85D3 /* CoinRowView.swift in Sources */ = {isa = PBXBuildFile; fileRef = 4F95B0A5286C922F005A85D3 /* CoinRowView.swift */; };
		4F95B0A8286C92BB005A85D3 /* PreviewProvider.swift in Sources */ = {isa = PBXBuildFile; fileRef = 4F95B0A7286C92BB005A85D3 /* PreviewProvider.swift */; };
		4FA0715528783A0900A42003 /* HapticFileManager.swift in Sources */ = {isa = PBXBuildFile; fileRef = 4FA0715428783A0900A42003 /* HapticFileManager.swift */; };
		4FCEA809286B156900487711 /* CryptoAppApp.swift in Sources */ = {isa = PBXBuildFile; fileRef = 4FCEA808286B156900487711 /* CryptoAppApp.swift */; };
		4FCEA80B286B156900487711 /* ContentView.swift in Sources */ = {isa = PBXBuildFile; fileRef = 4FCEA80A286B156900487711 /* ContentView.swift */; };
		4FCEA810286B156C00487711 /* Preview Assets.xcassets in Resources */ = {isa = PBXBuildFile; fileRef = 4FCEA80F286B156C00487711 /* Preview Assets.xcassets */; };
		4FCEA817286B15CE00487711 /* Assets.xcassets in Resources */ = {isa = PBXBuildFile; fileRef = 4FCEA816286B15CD00487711 /* Assets.xcassets */; };
		4FCEA81A286B160D00487711 /* Color.swift in Sources */ = {isa = PBXBuildFile; fileRef = 4FCEA819286B160D00487711 /* Color.swift */; };
		4FCEA820286B18B900487711 /* HomeView.swift in Sources */ = {isa = PBXBuildFile; fileRef = 4FCEA81F286B18B900487711 /* HomeView.swift */; };
		4FCEA824286B19B900487711 /* CircleButtonView.swift in Sources */ = {isa = PBXBuildFile; fileRef = 4FCEA823286B19B900487711 /* CircleButtonView.swift */; };
		4FCEA826286B1F1100487711 /* CircleButtonAnimationView.swift in Sources */ = {isa = PBXBuildFile; fileRef = 4FCEA825286B1F1100487711 /* CircleButtonAnimationView.swift */; };
		4FD6C3862871F07F0029AD89 /* MarketDataModel.swift in Sources */ = {isa = PBXBuildFile; fileRef = 4FD6C3852871F07F0029AD89 /* MarketDataModel.swift */; };
		4FD6C3882871F6800029AD89 /* MarketDataService.swift in Sources */ = {isa = PBXBuildFile; fileRef = 4FD6C3872871F6800029AD89 /* MarketDataService.swift */; };
/* End PBXBuildFile section */

/* Begin PBXFileReference section */
		4F04CF03286C98B000E1016A /* Double.swift */ = {isa = PBXFileReference; lastKnownFileType = sourcecode.swift; path = Double.swift; sourceTree = "<group>"; };
		4F084DA128705AAF00FE40D5 /* LocalFileManager.swift */ = {isa = PBXFileReference; lastKnownFileType = sourcecode.swift; path = LocalFileManager.swift; sourceTree = "<group>"; };
		4F1BE3AA286CCA14000F7307 /* HomeViewModel.swift */ = {isa = PBXFileReference; lastKnownFileType = sourcecode.swift; path = HomeViewModel.swift; sourceTree = "<group>"; };
		4F1BE3AE286CDF33000F7307 /* CoinDataService.swift */ = {isa = PBXFileReference; lastKnownFileType = sourcecode.swift; path = CoinDataService.swift; sourceTree = "<group>"; };
		4F3407E1286DD59600D00EAA /* NetworkingManager.swift */ = {isa = PBXFileReference; lastKnownFileType = sourcecode.swift; path = NetworkingManager.swift; sourceTree = "<group>"; };
		4F3407E4286DF0AE00D00EAA /* CoinImageView.swift */ = {isa = PBXFileReference; lastKnownFileType = sourcecode.swift; path = CoinImageView.swift; sourceTree = "<group>"; };
		4F3407E6286DF2BA00D00EAA /* CoinImageService.swift */ = {isa = PBXFileReference; lastKnownFileType = sourcecode.swift; path = CoinImageService.swift; sourceTree = "<group>"; };
		4F3407E8286DF54100D00EAA /* CoinImageViewModel.swift */ = {isa = PBXFileReference; lastKnownFileType = sourcecode.swift; path = CoinImageViewModel.swift; sourceTree = "<group>"; };
		4F34D187287175F000EBF686 /* SearchBarView.swift */ = {isa = PBXFileReference; lastKnownFileType = sourcecode.swift; path = SearchBarView.swift; sourceTree = "<group>"; };
		4F34D18928717BA300EBF686 /* UIApplication.swift */ = {isa = PBXFileReference; lastKnownFileType = sourcecode.swift; path = UIApplication.swift; sourceTree = "<group>"; };
		4F34D18B2871842C00EBF686 /* StatisticModel.swift */ = {isa = PBXFileReference; lastKnownFileType = sourcecode.swift; path = StatisticModel.swift; sourceTree = "<group>"; };
		4F34D18D2871865200EBF686 /* StatisticView.swift */ = {isa = PBXFileReference; lastKnownFileType = sourcecode.swift; path = StatisticView.swift; sourceTree = "<group>"; };
		4F34D18F28718B2000EBF686 /* HomeStatsView.swift */ = {isa = PBXFileReference; lastKnownFileType = sourcecode.swift; path = HomeStatsView.swift; sourceTree = "<group>"; };
		4F79D5D528729DB0007ACC29 /* PortfolioView.swift */ = {isa = PBXFileReference; lastKnownFileType = sourcecode.swift; path = PortfolioView.swift; sourceTree = "<group>"; };
		4F79D5D92872A73E007ACC29 /* CoinLogoView.swift */ = {isa = PBXFileReference; lastKnownFileType = sourcecode.swift; path = CoinLogoView.swift; sourceTree = "<group>"; };
		4F9381942872C74800BDD280 /* PortfolioContainer.xcdatamodel */ = {isa = PBXFileReference; lastKnownFileType = wrapper.xcdatamodel; path = PortfolioContainer.xcdatamodel; sourceTree = "<group>"; };
		4F9381962872C7F200BDD280 /* PortfolioDataService.swift */ = {isa = PBXFileReference; lastKnownFileType = sourcecode.swift; path = PortfolioDataService.swift; sourceTree = "<group>"; };
		4F95B0A3286C8919005A85D3 /* CoinModel.swift */ = {isa = PBXFileReference; lastKnownFileType = sourcecode.swift; path = CoinModel.swift; sourceTree = "<group>"; };
		4F95B0A5286C922F005A85D3 /* CoinRowView.swift */ = {isa = PBXFileReference; lastKnownFileType = sourcecode.swift; path = CoinRowView.swift; sourceTree = "<group>"; };
		4F95B0A7286C92BB005A85D3 /* PreviewProvider.swift */ = {isa = PBXFileReference; lastKnownFileType = sourcecode.swift; path = PreviewProvider.swift; sourceTree = "<group>"; };
		4FA0715428783A0900A42003 /* HapticFileManager.swift */ = {isa = PBXFileReference; lastKnownFileType = sourcecode.swift; path = HapticFileManager.swift; sourceTree = "<group>"; };
		4FCEA805286B156900487711 /* CryptoApp.app */ = {isa = PBXFileReference; explicitFileType = wrapper.application; includeInIndex = 0; path = CryptoApp.app; sourceTree = BUILT_PRODUCTS_DIR; };
		4FCEA808286B156900487711 /* CryptoAppApp.swift */ = {isa = PBXFileReference; lastKnownFileType = sourcecode.swift; path = CryptoAppApp.swift; sourceTree = "<group>"; };
		4FCEA80A286B156900487711 /* ContentView.swift */ = {isa = PBXFileReference; lastKnownFileType = sourcecode.swift; path = ContentView.swift; sourceTree = "<group>"; };
		4FCEA80F286B156C00487711 /* Preview Assets.xcassets */ = {isa = PBXFileReference; lastKnownFileType = folder.assetcatalog; path = "Preview Assets.xcassets"; sourceTree = "<group>"; };
		4FCEA816286B15CD00487711 /* Assets.xcassets */ = {isa = PBXFileReference; lastKnownFileType = folder.assetcatalog; name = Assets.xcassets; path = ../../../../Downloads/Resources/Assets.xcassets; sourceTree = "<group>"; };
		4FCEA819286B160D00487711 /* Color.swift */ = {isa = PBXFileReference; lastKnownFileType = sourcecode.swift; path = Color.swift; sourceTree = "<group>"; };
		4FCEA81F286B18B900487711 /* HomeView.swift */ = {isa = PBXFileReference; lastKnownFileType = sourcecode.swift; path = HomeView.swift; sourceTree = "<group>"; };
		4FCEA823286B19B900487711 /* CircleButtonView.swift */ = {isa = PBXFileReference; lastKnownFileType = sourcecode.swift; path = CircleButtonView.swift; sourceTree = "<group>"; };
		4FCEA825286B1F1100487711 /* CircleButtonAnimationView.swift */ = {isa = PBXFileReference; lastKnownFileType = sourcecode.swift; path = CircleButtonAnimationView.swift; sourceTree = "<group>"; };
		4FD6C3852871F07F0029AD89 /* MarketDataModel.swift */ = {isa = PBXFileReference; lastKnownFileType = sourcecode.swift; path = MarketDataModel.swift; sourceTree = "<group>"; xcLanguageSpecificationIdentifier = xcode.lang.swift; };
		4FD6C3872871F6800029AD89 /* MarketDataService.swift */ = {isa = PBXFileReference; lastKnownFileType = sourcecode.swift; path = MarketDataService.swift; sourceTree = "<group>"; };
/* End PBXFileReference section */

/* Begin PBXFrameworksBuildPhase section */
		4FCEA802286B156900487711 /* Frameworks */ = {
			isa = PBXFrameworksBuildPhase;
			buildActionMask = 2147483647;
			files = (
			);
			runOnlyForDeploymentPostprocessing = 0;
		};
/* End PBXFrameworksBuildPhase section */

/* Begin PBXGroup section */
		4F1BE3AD286CDF1D000F7307 /* Services */ = {
			isa = PBXGroup;
			children = (
				4F1BE3AE286CDF33000F7307 /* CoinDataService.swift */,
				4F3407E6286DF2BA00D00EAA /* CoinImageService.swift */,
				4FD6C3872871F6800029AD89 /* MarketDataService.swift */,
				4F9381962872C7F200BDD280 /* PortfolioDataService.swift */,
			);
			path = Services;
			sourceTree = "<group>";
		};
		4F3407E0286DD56F00D00EAA /* Utilities */ = {
			isa = PBXGroup;
			children = (
				4F3407E1286DD59600D00EAA /* NetworkingManager.swift */,
				4F084DA128705AAF00FE40D5 /* LocalFileManager.swift */,
				4FA0715428783A0900A42003 /* HapticFileManager.swift */,
			);
			path = Utilities;
			sourceTree = "<group>";
		};
		4F3407E3286DF09500D00EAA /* CoinImage */ = {
			isa = PBXGroup;
			children = (
				4F3407E4286DF0AE00D00EAA /* CoinImageView.swift */,
				4F3407E8286DF54100D00EAA /* CoinImageViewModel.swift */,
				4F79D5D92872A73E007ACC29 /* CoinLogoView.swift */,
			);
			path = CoinImage;
			sourceTree = "<group>";
		};
		4F95B0A2286C8902005A85D3 /* Models */ = {
			isa = PBXGroup;
			children = (
				4F95B0A3286C8919005A85D3 /* CoinModel.swift */,
				4F34D18B2871842C00EBF686 /* StatisticModel.swift */,
				4FD6C3852871F07F0029AD89 /* MarketDataModel.swift */,
				4F9381932872C74700BDD280 /* PortfolioContainer.xcdatamodeld */,
			);
			path = Models;
			sourceTree = "<group>";
		};
		4FCEA7FC286B156900487711 = {
			isa = PBXGroup;
			children = (
				4FCEA807286B156900487711 /* CryptoApp */,
				4FCEA806286B156900487711 /* Products */,
			);
			sourceTree = "<group>";
		};
		4FCEA806286B156900487711 /* Products */ = {
			isa = PBXGroup;
			children = (
				4FCEA805286B156900487711 /* CryptoApp.app */,
			);
			name = Products;
			sourceTree = "<group>";
		};
		4FCEA807286B156900487711 /* CryptoApp */ = {
			isa = PBXGroup;
			children = (
				4FCEA808286B156900487711 /* CryptoAppApp.swift */,
				4F3407E0286DD56F00D00EAA /* Utilities */,
				4F1BE3AD286CDF1D000F7307 /* Services */,
				4FCEA818286B15FC00487711 /* Extensions */,
				4F95B0A2286C8902005A85D3 /* Models */,
				4FCEA81B286B189200487711 /* Core */,
				4FCEA80A286B156900487711 /* ContentView.swift */,
				4FCEA816286B15CD00487711 /* Assets.xcassets */,
				4FCEA80E286B156C00487711 /* Preview Content */,
			);
			path = CryptoApp;
			sourceTree = "<group>";
		};
		4FCEA80E286B156C00487711 /* Preview Content */ = {
			isa = PBXGroup;
			children = (
				4FCEA80F286B156C00487711 /* Preview Assets.xcassets */,
			);
			path = "Preview Content";
			sourceTree = "<group>";
		};
		4FCEA818286B15FC00487711 /* Extensions */ = {
			isa = PBXGroup;
			children = (
				4FCEA819286B160D00487711 /* Color.swift */,
				4F95B0A7286C92BB005A85D3 /* PreviewProvider.swift */,
				4F04CF03286C98B000E1016A /* Double.swift */,
				4F34D18928717BA300EBF686 /* UIApplication.swift */,
			);
			path = Extensions;
			sourceTree = "<group>";
		};
		4FCEA81B286B189200487711 /* Core */ = {
			isa = PBXGroup;
			children = (
				4FCEA821286B199A00487711 /* Components */,
				4FCEA81C286B189800487711 /* Home */,
			);
			path = Core;
			sourceTree = "<group>";
		};
		4FCEA81C286B189800487711 /* Home */ = {
			isa = PBXGroup;
			children = (
				4FCEA81E286B18AA00487711 /* Views */,
				4FCEA81D286B18A100487711 /* ViewModels */,
			);
			path = Home;
			sourceTree = "<group>";
		};
		4FCEA81D286B18A100487711 /* ViewModels */ = {
			isa = PBXGroup;
			children = (
				4F1BE3AA286CCA14000F7307 /* HomeViewModel.swift */,
			);
			path = ViewModels;
			sourceTree = "<group>";
		};
		4FCEA81E286B18AA00487711 /* Views */ = {
			isa = PBXGroup;
			children = (
				4FCEA81F286B18B900487711 /* HomeView.swift */,
				4F95B0A5286C922F005A85D3 /* CoinRowView.swift */,
				4F34D18F28718B2000EBF686 /* HomeStatsView.swift */,
				4F79D5D528729DB0007ACC29 /* PortfolioView.swift */,
			);
			path = Views;
			sourceTree = "<group>";
		};
		4FCEA821286B199A00487711 /* Components */ = {
			isa = PBXGroup;
			children = (
				4F3407E3286DF09500D00EAA /* CoinImage */,
				4FCEA822286B19A500487711 /* CircleButton */,
				4F34D187287175F000EBF686 /* SearchBarView.swift */,
				4F34D18D2871865200EBF686 /* StatisticView.swift */,
			);
			path = Components;
			sourceTree = "<group>";
		};
		4FCEA822286B19A500487711 /* CircleButton */ = {
			isa = PBXGroup;
			children = (
				4FCEA823286B19B900487711 /* CircleButtonView.swift */,
				4FCEA825286B1F1100487711 /* CircleButtonAnimationView.swift */,
			);
			path = CircleButton;
			sourceTree = "<group>";
		};
/* End PBXGroup section */

/* Begin PBXNativeTarget section */
		4FCEA804286B156900487711 /* CryptoApp */ = {
			isa = PBXNativeTarget;
			buildConfigurationList = 4FCEA813286B156C00487711 /* Build configuration list for PBXNativeTarget "CryptoApp" */;
			buildPhases = (
				4FCEA801286B156900487711 /* Sources */,
				4FCEA802286B156900487711 /* Frameworks */,
				4FCEA803286B156900487711 /* Resources */,
			);
			buildRules = (
			);
			dependencies = (
			);
			name = CryptoApp;
			productName = CryptoApp;
			productReference = 4FCEA805286B156900487711 /* CryptoApp.app */;
			productType = "com.apple.product-type.application";
		};
/* End PBXNativeTarget section */

/* Begin PBXProject section */
		4FCEA7FD286B156900487711 /* Project object */ = {
			isa = PBXProject;
			attributes = {
				BuildIndependentTargetsInParallel = 1;
				LastSwiftUpdateCheck = 1340;
				LastUpgradeCheck = 1340;
				TargetAttributes = {
					4FCEA804286B156900487711 = {
						CreatedOnToolsVersion = 13.4.1;
					};
				};
			};
			buildConfigurationList = 4FCEA800286B156900487711 /* Build configuration list for PBXProject "CryptoApp" */;
			compatibilityVersion = "Xcode 13.0";
			developmentRegion = en;
			hasScannedForEncodings = 0;
			knownRegions = (
				en,
				Base,
			);
			mainGroup = 4FCEA7FC286B156900487711;
			productRefGroup = 4FCEA806286B156900487711 /* Products */;
			projectDirPath = "";
			projectRoot = "";
			targets = (
				4FCEA804286B156900487711 /* CryptoApp */,
			);
		};
/* End PBXProject section */

/* Begin PBXResourcesBuildPhase section */
		4FCEA803286B156900487711 /* Resources */ = {
			isa = PBXResourcesBuildPhase;
			buildActionMask = 2147483647;
			files = (
				4FCEA810286B156C00487711 /* Preview Assets.xcassets in Resources */,
				4FCEA817286B15CE00487711 /* Assets.xcassets in Resources */,
			);
			runOnlyForDeploymentPostprocessing = 0;
		};
/* End PBXResourcesBuildPhase section */

/* Begin PBXSourcesBuildPhase section */
		4FCEA801286B156900487711 /* Sources */ = {
			isa = PBXSourcesBuildPhase;
			buildActionMask = 2147483647;
			files = (
				4F34D18C2871842C00EBF686 /* StatisticModel.swift in Sources */,
				4F1BE3AF286CDF33000F7307 /* CoinDataService.swift in Sources */,
				4F79D5DA2872A73E007ACC29 /* CoinLogoView.swift in Sources */,
				4F95B0A6286C922F005A85D3 /* CoinRowView.swift in Sources */,
				4F1BE3AB286CCA14000F7307 /* HomeViewModel.swift in Sources */,
				4F9381952872C74800BDD280 /* PortfolioContainer.xcdatamodeld in Sources */,
				4FCEA80B286B156900487711 /* ContentView.swift in Sources */,
				4F084DA228705AAF00FE40D5 /* LocalFileManager.swift in Sources */,
				4FD6C3862871F07F0029AD89 /* MarketDataModel.swift in Sources */,
				4FCEA820286B18B900487711 /* HomeView.swift in Sources */,
				4FA0715528783A0900A42003 /* HapticFileManager.swift in Sources */,
				4F34D18E2871865200EBF686 /* StatisticView.swift in Sources */,
				4F3407E5286DF0AE00D00EAA /* CoinImageView.swift in Sources */,
				4FCEA809286B156900487711 /* CryptoAppApp.swift in Sources */,
				4F34D18A28717BA300EBF686 /* UIApplication.swift in Sources */,
				4FCEA824286B19B900487711 /* CircleButtonView.swift in Sources */,
				4FCEA81A286B160D00487711 /* Color.swift in Sources */,
				4F34D188287175F000EBF686 /* SearchBarView.swift in Sources */,
				4F3407E2286DD59600D00EAA /* NetworkingManager.swift in Sources */,
				4F9381972872C7F200BDD280 /* PortfolioDataService.swift in Sources */,
				4F34D19028718B2000EBF686 /* HomeStatsView.swift in Sources */,
				4FD6C3882871F6800029AD89 /* MarketDataService.swift in Sources */,
				4FCEA826286B1F1100487711 /* CircleButtonAnimationView.swift in Sources */,
				4F3407E9286DF54100D00EAA /* CoinImageViewModel.swift in Sources */,
				4F95B0A8286C92BB005A85D3 /* PreviewProvider.swift in Sources */,
				4F79D5D628729DB0007ACC29 /* PortfolioView.swift in Sources */,
				4F04CF04286C98B000E1016A /* Double.swift in Sources */,
				4F3407E7286DF2BA00D00EAA /* CoinImageService.swift in Sources */,
				4F95B0A4286C8919005A85D3 /* CoinModel.swift in Sources */,
			);
			runOnlyForDeploymentPostprocessing = 0;
		};
/* End PBXSourcesBuildPhase section */

/* Begin XCBuildConfiguration section */
		4FCEA811286B156C00487711 /* Debug */ = {
			isa = XCBuildConfiguration;
			buildSettings = {
				ALWAYS_SEARCH_USER_PATHS = NO;
				CLANG_ANALYZER_NONNULL = YES;
				CLANG_ANALYZER_NUMBER_OBJECT_CONVERSION = YES_AGGRESSIVE;
				CLANG_CXX_LANGUAGE_STANDARD = "gnu++17";
				CLANG_ENABLE_MODULES = YES;
				CLANG_ENABLE_OBJC_ARC = YES;
				CLANG_ENABLE_OBJC_WEAK = YES;
				CLANG_WARN_BLOCK_CAPTURE_AUTORELEASING = YES;
				CLANG_WARN_BOOL_CONVERSION = YES;
				CLANG_WARN_COMMA = YES;
				CLANG_WARN_CONSTANT_CONVERSION = YES;
				CLANG_WARN_DEPRECATED_OBJC_IMPLEMENTATIONS = YES;
				CLANG_WARN_DIRECT_OBJC_ISA_USAGE = YES_ERROR;
				CLANG_WARN_DOCUMENTATION_COMMENTS = YES;
				CLANG_WARN_EMPTY_BODY = YES;
				CLANG_WARN_ENUM_CONVERSION = YES;
				CLANG_WARN_INFINITE_RECURSION = YES;
				CLANG_WARN_INT_CONVERSION = YES;
				CLANG_WARN_NON_LITERAL_NULL_CONVERSION = YES;
				CLANG_WARN_OBJC_IMPLICIT_RETAIN_SELF = YES;
				CLANG_WARN_OBJC_LITERAL_CONVERSION = YES;
				CLANG_WARN_OBJC_ROOT_CLASS = YES_ERROR;
				CLANG_WARN_QUOTED_INCLUDE_IN_FRAMEWORK_HEADER = YES;
				CLANG_WARN_RANGE_LOOP_ANALYSIS = YES;
				CLANG_WARN_STRICT_PROTOTYPES = YES;
				CLANG_WARN_SUSPICIOUS_MOVE = YES;
				CLANG_WARN_UNGUARDED_AVAILABILITY = YES_AGGRESSIVE;
				CLANG_WARN_UNREACHABLE_CODE = YES;
				CLANG_WARN__DUPLICATE_METHOD_MATCH = YES;
				COPY_PHASE_STRIP = NO;
				DEBUG_INFORMATION_FORMAT = dwarf;
				ENABLE_STRICT_OBJC_MSGSEND = YES;
				ENABLE_TESTABILITY = YES;
				GCC_C_LANGUAGE_STANDARD = gnu11;
				GCC_DYNAMIC_NO_PIC = NO;
				GCC_NO_COMMON_BLOCKS = YES;
				GCC_OPTIMIZATION_LEVEL = 0;
				GCC_PREPROCESSOR_DEFINITIONS = (
					"DEBUG=1",
					"$(inherited)",
				);
				GCC_WARN_64_TO_32_BIT_CONVERSION = YES;
				GCC_WARN_ABOUT_RETURN_TYPE = YES_ERROR;
				GCC_WARN_UNDECLARED_SELECTOR = YES;
				GCC_WARN_UNINITIALIZED_AUTOS = YES_AGGRESSIVE;
				GCC_WARN_UNUSED_FUNCTION = YES;
				GCC_WARN_UNUSED_VARIABLE = YES;
				IPHONEOS_DEPLOYMENT_TARGET = 15.5;
				MTL_ENABLE_DEBUG_INFO = INCLUDE_SOURCE;
				MTL_FAST_MATH = YES;
				ONLY_ACTIVE_ARCH = YES;
				SDKROOT = iphoneos;
				SWIFT_ACTIVE_COMPILATION_CONDITIONS = DEBUG;
				SWIFT_OPTIMIZATION_LEVEL = "-Onone";
			};
			name = Debug;
		};
		4FCEA812286B156C00487711 /* Release */ = {
			isa = XCBuildConfiguration;
			buildSettings = {
				ALWAYS_SEARCH_USER_PATHS = NO;
				CLANG_ANALYZER_NONNULL = YES;
				CLANG_ANALYZER_NUMBER_OBJECT_CONVERSION = YES_AGGRESSIVE;
				CLANG_CXX_LANGUAGE_STANDARD = "gnu++17";
				CLANG_ENABLE_MODULES = YES;
				CLANG_ENABLE_OBJC_ARC = YES;
				CLANG_ENABLE_OBJC_WEAK = YES;
				CLANG_WARN_BLOCK_CAPTURE_AUTORELEASING = YES;
				CLANG_WARN_BOOL_CONVERSION = YES;
				CLANG_WARN_COMMA = YES;
				CLANG_WARN_CONSTANT_CONVERSION = YES;
				CLANG_WARN_DEPRECATED_OBJC_IMPLEMENTATIONS = YES;
				CLANG_WARN_DIRECT_OBJC_ISA_USAGE = YES_ERROR;
				CLANG_WARN_DOCUMENTATION_COMMENTS = YES;
				CLANG_WARN_EMPTY_BODY = YES;
				CLANG_WARN_ENUM_CONVERSION = YES;
				CLANG_WARN_INFINITE_RECURSION = YES;
				CLANG_WARN_INT_CONVERSION = YES;
				CLANG_WARN_NON_LITERAL_NULL_CONVERSION = YES;
				CLANG_WARN_OBJC_IMPLICIT_RETAIN_SELF = YES;
				CLANG_WARN_OBJC_LITERAL_CONVERSION = YES;
				CLANG_WARN_OBJC_ROOT_CLASS = YES_ERROR;
				CLANG_WARN_QUOTED_INCLUDE_IN_FRAMEWORK_HEADER = YES;
				CLANG_WARN_RANGE_LOOP_ANALYSIS = YES;
				CLANG_WARN_STRICT_PROTOTYPES = YES;
				CLANG_WARN_SUSPICIOUS_MOVE = YES;
				CLANG_WARN_UNGUARDED_AVAILABILITY = YES_AGGRESSIVE;
				CLANG_WARN_UNREACHABLE_CODE = YES;
				CLANG_WARN__DUPLICATE_METHOD_MATCH = YES;
				COPY_PHASE_STRIP = NO;
				DEBUG_INFORMATION_FORMAT = "dwarf-with-dsym";
				ENABLE_NS_ASSERTIONS = NO;
				ENABLE_STRICT_OBJC_MSGSEND = YES;
				GCC_C_LANGUAGE_STANDARD = gnu11;
				GCC_NO_COMMON_BLOCKS = YES;
				GCC_WARN_64_TO_32_BIT_CONVERSION = YES;
				GCC_WARN_ABOUT_RETURN_TYPE = YES_ERROR;
				GCC_WARN_UNDECLARED_SELECTOR = YES;
				GCC_WARN_UNINITIALIZED_AUTOS = YES_AGGRESSIVE;
				GCC_WARN_UNUSED_FUNCTION = YES;
				GCC_WARN_UNUSED_VARIABLE = YES;
				IPHONEOS_DEPLOYMENT_TARGET = 15.5;
				MTL_ENABLE_DEBUG_INFO = NO;
				MTL_FAST_MATH = YES;
				SDKROOT = iphoneos;
				SWIFT_COMPILATION_MODE = wholemodule;
				SWIFT_OPTIMIZATION_LEVEL = "-O";
				VALIDATE_PRODUCT = YES;
			};
			name = Release;
		};
		4FCEA814286B156C00487711 /* Debug */ = {
			isa = XCBuildConfiguration;
			buildSettings = {
				ASSETCATALOG_COMPILER_APPICON_NAME = AppIcon;
				ASSETCATALOG_COMPILER_GLOBAL_ACCENT_COLOR_NAME = AccentColor;
				CODE_SIGN_STYLE = Automatic;
				CURRENT_PROJECT_VERSION = 1;
				DEVELOPMENT_ASSET_PATHS = "\"CryptoApp/Preview Content\"";
				DEVELOPMENT_TEAM = 67758RGQW7;
				ENABLE_PREVIEWS = YES;
				GENERATE_INFOPLIST_FILE = YES;
				INFOPLIST_KEY_UIApplicationSceneManifest_Generation = YES;
				INFOPLIST_KEY_UIApplicationSupportsIndirectInputEvents = YES;
				INFOPLIST_KEY_UILaunchScreen_Generation = YES;
				INFOPLIST_KEY_UISupportedInterfaceOrientations = UIInterfaceOrientationPortrait;
				INFOPLIST_KEY_UISupportedInterfaceOrientations_iPad = "UIInterfaceOrientationPortrait UIInterfaceOrientationPortraitUpsideDown UIInterfaceOrientationLandscapeLeft UIInterfaceOrientationLandscapeRight";
				INFOPLIST_KEY_UISupportedInterfaceOrientations_iPhone = "UIInterfaceOrientationPortrait UIInterfaceOrientationLandscapeLeft UIInterfaceOrientationLandscapeRight";
				LD_RUNPATH_SEARCH_PATHS = (
					"$(inherited)",
					"@executable_path/Frameworks",
				);
				MARKETING_VERSION = 1.0;
				PRODUCT_BUNDLE_IDENTIFIER = com.prathamesh.CryptoApp;
				PRODUCT_NAME = "$(TARGET_NAME)";
				SWIFT_EMIT_LOC_STRINGS = YES;
				SWIFT_VERSION = 5.0;
				TARGETED_DEVICE_FAMILY = "1,2";
			};
			name = Debug;
		};
		4FCEA815286B156C00487711 /* Release */ = {
			isa = XCBuildConfiguration;
			buildSettings = {
				ASSETCATALOG_COMPILER_APPICON_NAME = AppIcon;
				ASSETCATALOG_COMPILER_GLOBAL_ACCENT_COLOR_NAME = AccentColor;
				CODE_SIGN_STYLE = Automatic;
				CURRENT_PROJECT_VERSION = 1;
				DEVELOPMENT_ASSET_PATHS = "\"CryptoApp/Preview Content\"";
				DEVELOPMENT_TEAM = 67758RGQW7;
				ENABLE_PREVIEWS = YES;
				GENERATE_INFOPLIST_FILE = YES;
				INFOPLIST_KEY_UIApplicationSceneManifest_Generation = YES;
				INFOPLIST_KEY_UIApplicationSupportsIndirectInputEvents = YES;
				INFOPLIST_KEY_UILaunchScreen_Generation = YES;
				INFOPLIST_KEY_UISupportedInterfaceOrientations = UIInterfaceOrientationPortrait;
				INFOPLIST_KEY_UISupportedInterfaceOrientations_iPad = "UIInterfaceOrientationPortrait UIInterfaceOrientationPortraitUpsideDown UIInterfaceOrientationLandscapeLeft UIInterfaceOrientationLandscapeRight";
				INFOPLIST_KEY_UISupportedInterfaceOrientations_iPhone = "UIInterfaceOrientationPortrait UIInterfaceOrientationLandscapeLeft UIInterfaceOrientationLandscapeRight";
				LD_RUNPATH_SEARCH_PATHS = (
					"$(inherited)",
					"@executable_path/Frameworks",
				);
				MARKETING_VERSION = 1.0;
				PRODUCT_BUNDLE_IDENTIFIER = com.prathamesh.CryptoApp;
				PRODUCT_NAME = "$(TARGET_NAME)";
				SWIFT_EMIT_LOC_STRINGS = YES;
				SWIFT_VERSION = 5.0;
				TARGETED_DEVICE_FAMILY = "1,2";
			};
			name = Release;
		};
/* End XCBuildConfiguration section */

/* Begin XCConfigurationList section */
		4FCEA800286B156900487711 /* Build configuration list for PBXProject "CryptoApp" */ = {
			isa = XCConfigurationList;
			buildConfigurations = (
				4FCEA811286B156C00487711 /* Debug */,
				4FCEA812286B156C00487711 /* Release */,
			);
			defaultConfigurationIsVisible = 0;
			defaultConfigurationName = Release;
		};
		4FCEA813286B156C00487711 /* Build configuration list for PBXNativeTarget "CryptoApp" */ = {
			isa = XCConfigurationList;
			buildConfigurations = (
				4FCEA814286B156C00487711 /* Debug */,
				4FCEA815286B156C00487711 /* Release */,
			);
			defaultConfigurationIsVisible = 0;
			defaultConfigurationName = Release;
		};
/* End XCConfigurationList section */

/* Begin XCVersionGroup section */
		4F9381932872C74700BDD280 /* PortfolioContainer.xcdatamodeld */ = {
			isa = XCVersionGroup;
			children = (
				4F9381942872C74800BDD280 /* PortfolioContainer.xcdatamodel */,
			);
			currentVersion = 4F9381942872C74800BDD280 /* PortfolioContainer.xcdatamodel */;
			path = PortfolioContainer.xcdatamodeld;
			sourceTree = "<group>";
			versionGroupType = wrapper.xcdatamodel;
		};
/* End XCVersionGroup section */
	};
	rootObject = 4FCEA7FD286B156900487711 /* Project object */;
}
